
Microsoft Visual Studio Solution File, Format Version 12.00
# Visual Studio 15
VisualStudioVersion = 15.0.27428.2005
MinimumVisualStudioVersion = 10.0.40219.1
Project("{FAE04EC0-301F-11D3-BF4B-00C04F79EFBC}") = "ProjektProgramowanie", "ProjektProgramowanie\ProjektProgramowanie.csproj", "{D0178E14-CB44-4F4B-928A-63C91A392C7B}"
EndProject
Global
	GlobalSection(SolutionConfigurationPlatforms) = preSolution
		Debug|Any CPU = Debug|Any CPU
		Release|Any CPU = Release|Any CPU
	EndGlobalSection
	GlobalSection(ProjectConfigurationPlatforms) = postSolution
		{D0178E14-CB44-4F4B-928A-63C91A392C7B}.Debug|Any CPU.ActiveCfg = Debug|Any CPU
		{D0178E14-CB44-4F4B-928A-63C91A392C7B}.Debug|Any CPU.Build.0 = Debug|Any CPU
		{D0178E14-CB44-4F4B-928A-63C91A392C7B}.Release|Any CPU.ActiveCfg = Release|Any CPU
		{D0178E14-CB44-4F4B-928A-63C91A392C7B}.Release|Any CPU.Build.0 = Release|Any CPU
	EndGlobalSection
	GlobalSection(SolutionProperties) = preSolution
		HideSolutionNode = FALSE
	EndGlobalSection
	GlobalSection(ExtensibilityGlobals) = postSolution
		SolutionGuid = {D8E55064-406D-468D-8F38-21052094E4CE}
	EndGlobalSection
EndGlobal
